// !$*UTF8*$!
{
	archiveVersion = 1;
	classes = {
	};
	objectVersion = 55;
	objects = {

/* Begin PBXBuildFile section */
		1B92E06B281D487300398966 /* AppDelegate.swift in Sources */ = {isa = PBXBuildFile; fileRef = 1B92E06A281D487300398966 /* AppDelegate.swift */; };
		1B92E06D281D487300398966 /* SceneDelegate.swift in Sources */ = {isa = PBXBuildFile; fileRef = 1B92E06C281D487300398966 /* SceneDelegate.swift */; };
		1B92E074281D487600398966 /* Assets.xcassets in Resources */ = {isa = PBXBuildFile; fileRef = 1B92E073281D487600398966 /* Assets.xcassets */; };
		1B92E077281D487600398966 /* LaunchScreen.storyboard in Resources */ = {isa = PBXBuildFile; fileRef = 1B92E075281D487600398966 /* LaunchScreen.storyboard */; };
		1B92E08C281D51C100398966 /* TestRequestNewsModuleFactory.swift in Sources */ = {isa = PBXBuildFile; fileRef = 1B92E087281D51C100398966 /* TestRequestNewsModuleFactory.swift */; };
		1B92E08D281D51C100398966 /* TestRequestNewsModuleViewController.swift in Sources */ = {isa = PBXBuildFile; fileRef = 1B92E088281D51C100398966 /* TestRequestNewsModuleViewController.swift */; };
		1B92E08E281D51C100398966 /* TestRequestNewsModuleAssembly.swift in Sources */ = {isa = PBXBuildFile; fileRef = 1B92E089281D51C100398966 /* TestRequestNewsModuleAssembly.swift */; };
		1B92E08F281D51C100398966 /* TestRequestNewsModuleInteractor.swift in Sources */ = {isa = PBXBuildFile; fileRef = 1B92E08A281D51C100398966 /* TestRequestNewsModuleInteractor.swift */; };
		1B92E090281D51C100398966 /* TestRequestNewsModuleView.swift in Sources */ = {isa = PBXBuildFile; fileRef = 1B92E08B281D51C100398966 /* TestRequestNewsModuleView.swift */; };
		1B92E09A281D524000398966 /* TestRequestNewsCoordinator.swift in Sources */ = {isa = PBXBuildFile; fileRef = 1B92E097281D524000398966 /* TestRequestNewsCoordinator.swift */; };
		1B92E09B281D524000398966 /* RootCoordinator.swift in Sources */ = {isa = PBXBuildFile; fileRef = 1B92E098281D524000398966 /* RootCoordinator.swift */; };
		1B92E09C281D524000398966 /* Coordinator.swift in Sources */ = {isa = PBXBuildFile; fileRef = 1B92E099281D524000398966 /* Coordinator.swift */; };
		1B92E0A6281D8B4A00398966 /* RandomNetwork in Frameworks */ = {isa = PBXBuildFile; productRef = 1B92E0A5281D8B4A00398966 /* RandomNetwork */; };
		1B92E0E7281D905200398966 /* TestRequestNewsRequest.swift in Sources */ = {isa = PBXBuildFile; fileRef = 1B92E0E6281D905200398966 /* TestRequestNewsRequest.swift */; };
		1B92E0E9281D908200398966 /* TestRequestNewsDTO.swift in Sources */ = {isa = PBXBuildFile; fileRef = 1B92E0E8281D908200398966 /* TestRequestNewsDTO.swift */; };
		1B92E0EC281D997400398966 /* TestRequestNewsModel.swift in Sources */ = {isa = PBXBuildFile; fileRef = 1B92E0EB281D997400398966 /* TestRequestNewsModel.swift */; };
/* End PBXBuildFile section */

/* Begin PBXFileReference section */
		1B92E067281D487300398966 /* RandomNetworkExample.app */ = {isa = PBXFileReference; explicitFileType = wrapper.application; includeInIndex = 0; path = RandomNetworkExample.app; sourceTree = BUILT_PRODUCTS_DIR; };
		1B92E06A281D487300398966 /* AppDelegate.swift */ = {isa = PBXFileReference; lastKnownFileType = sourcecode.swift; path = AppDelegate.swift; sourceTree = "<group>"; };
		1B92E06C281D487300398966 /* SceneDelegate.swift */ = {isa = PBXFileReference; lastKnownFileType = sourcecode.swift; path = SceneDelegate.swift; sourceTree = "<group>"; };
		1B92E073281D487600398966 /* Assets.xcassets */ = {isa = PBXFileReference; lastKnownFileType = folder.assetcatalog; path = Assets.xcassets; sourceTree = "<group>"; };
		1B92E076281D487600398966 /* Base */ = {isa = PBXFileReference; lastKnownFileType = file.storyboard; name = Base; path = Base.lproj/LaunchScreen.storyboard; sourceTree = "<group>"; };
		1B92E078281D487600398966 /* Info.plist */ = {isa = PBXFileReference; lastKnownFileType = text.plist.xml; path = Info.plist; sourceTree = "<group>"; };
		1B92E083281D4A4B00398966 /* RandomNetwork */ = {isa = PBXFileReference; lastKnownFileType = wrapper; name = RandomNetwork; path = ..; sourceTree = "<group>"; };
		1B92E087281D51C100398966 /* TestRequestNewsModuleFactory.swift */ = {isa = PBXFileReference; lastKnownFileType = sourcecode.swift; path = TestRequestNewsModuleFactory.swift; sourceTree = "<group>"; };
		1B92E088281D51C100398966 /* TestRequestNewsModuleViewController.swift */ = {isa = PBXFileReference; lastKnownFileType = sourcecode.swift; path = TestRequestNewsModuleViewController.swift; sourceTree = "<group>"; };
		1B92E089281D51C100398966 /* TestRequestNewsModuleAssembly.swift */ = {isa = PBXFileReference; lastKnownFileType = sourcecode.swift; path = TestRequestNewsModuleAssembly.swift; sourceTree = "<group>"; };
		1B92E08A281D51C100398966 /* TestRequestNewsModuleInteractor.swift */ = {isa = PBXFileReference; lastKnownFileType = sourcecode.swift; path = TestRequestNewsModuleInteractor.swift; sourceTree = "<group>"; };
		1B92E08B281D51C100398966 /* TestRequestNewsModuleView.swift */ = {isa = PBXFileReference; lastKnownFileType = sourcecode.swift; path = TestRequestNewsModuleView.swift; sourceTree = "<group>"; };
		1B92E097281D524000398966 /* TestRequestNewsCoordinator.swift */ = {isa = PBXFileReference; lastKnownFileType = sourcecode.swift; path = TestRequestNewsCoordinator.swift; sourceTree = "<group>"; };
		1B92E098281D524000398966 /* RootCoordinator.swift */ = {isa = PBXFileReference; lastKnownFileType = sourcecode.swift; path = RootCoordinator.swift; sourceTree = "<group>"; };
		1B92E099281D524000398966 /* Coordinator.swift */ = {isa = PBXFileReference; lastKnownFileType = sourcecode.swift; path = Coordinator.swift; sourceTree = "<group>"; };
		1B92E0E6281D905200398966 /* TestRequestNewsRequest.swift */ = {isa = PBXFileReference; lastKnownFileType = sourcecode.swift; path = TestRequestNewsRequest.swift; sourceTree = "<group>"; };
		1B92E0E8281D908200398966 /* TestRequestNewsDTO.swift */ = {isa = PBXFileReference; lastKnownFileType = sourcecode.swift; path = TestRequestNewsDTO.swift; sourceTree = "<group>"; };
		1B92E0EB281D997400398966 /* TestRequestNewsModel.swift */ = {isa = PBXFileReference; lastKnownFileType = sourcecode.swift; path = TestRequestNewsModel.swift; sourceTree = "<group>"; };
/* End PBXFileReference section */

/* Begin PBXFrameworksBuildPhase section */
		1B92E064281D487300398966 /* Frameworks */ = {
			isa = PBXFrameworksBuildPhase;
			buildActionMask = 2147483647;
			files = (
				1B92E0A6281D8B4A00398966 /* RandomNetwork in Frameworks */,
			);
			runOnlyForDeploymentPostprocessing = 0;
		};
/* End PBXFrameworksBuildPhase section */

/* Begin PBXGroup section */
		1B92E05E281D487300398966 = {
			isa = PBXGroup;
			children = (
				1B92E082281D4A4B00398966 /* Packages */,
				1B92E069281D487300398966 /* RandomNetworkExample */,
				1B92E068281D487300398966 /* Products */,
				1B92E0A4281D8B4A00398966 /* Frameworks */,
			);
			sourceTree = "<group>";
		};
		1B92E068281D487300398966 /* Products */ = {
			isa = PBXGroup;
			children = (
				1B92E067281D487300398966 /* RandomNetworkExample.app */,
			);
			name = Products;
			sourceTree = "<group>";
		};
		1B92E069281D487300398966 /* RandomNetworkExample */ = {
			isa = PBXGroup;
			children = (
				1B92E0E2281D8FE000398966 /* ApplicationServices */,
				1B92E096281D522900398966 /* Navigation */,
				1B92E085281D516D00398966 /* Modules */,
				1B92E084281D512400398966 /* System */,
			);
			path = RandomNetworkExample;
			sourceTree = "<group>";
		};
		1B92E082281D4A4B00398966 /* Packages */ = {
			isa = PBXGroup;
			children = (
				1B92E083281D4A4B00398966 /* RandomNetwork */,
			);
			name = Packages;
			sourceTree = "<group>";
		};
		1B92E084281D512400398966 /* System */ = {
			isa = PBXGroup;
			children = (
				1B92E06A281D487300398966 /* AppDelegate.swift */,
				1B92E06C281D487300398966 /* SceneDelegate.swift */,
				1B92E073281D487600398966 /* Assets.xcassets */,
				1B92E075281D487600398966 /* LaunchScreen.storyboard */,
				1B92E078281D487600398966 /* Info.plist */,
			);
			path = System;
			sourceTree = "<group>";
		};
		1B92E085281D516D00398966 /* Modules */ = {
			isa = PBXGroup;
			children = (
				1B92E086281D517C00398966 /* TestRequestNewsModule */,
			);
			path = Modules;
			sourceTree = "<group>";
		};
		1B92E086281D517C00398966 /* TestRequestNewsModule */ = {
			isa = PBXGroup;
			children = (
				1B92E0EA281D995600398966 /* Models */,
				1B92E095281D520100398966 /* Assembly */,
				1B92E094281D51E800398966 /* Factory */,
				1B92E093281D51DC00398966 /* Presenter */,
				1B92E092281D51D100398966 /* Interactor */,
				1B92E091281D51C800398966 /* View */,
			);
			path = TestRequestNewsModule;
			sourceTree = "<group>";
		};
		1B92E091281D51C800398966 /* View */ = {
			isa = PBXGroup;
			children = (
				1B92E08B281D51C100398966 /* TestRequestNewsModuleView.swift */,
			);
			path = View;
			sourceTree = "<group>";
		};
		1B92E092281D51D100398966 /* Interactor */ = {
			isa = PBXGroup;
			children = (
				1B92E08A281D51C100398966 /* TestRequestNewsModuleInteractor.swift */,
			);
			path = Interactor;
			sourceTree = "<group>";
		};
		1B92E093281D51DC00398966 /* Presenter */ = {
			isa = PBXGroup;
			children = (
				1B92E088281D51C100398966 /* TestRequestNewsModuleViewController.swift */,
			);
			path = Presenter;
			sourceTree = "<group>";
		};
		1B92E094281D51E800398966 /* Factory */ = {
			isa = PBXGroup;
			children = (
				1B92E087281D51C100398966 /* TestRequestNewsModuleFactory.swift */,
			);
			path = Factory;
			sourceTree = "<group>";
		};
		1B92E095281D520100398966 /* Assembly */ = {
			isa = PBXGroup;
			children = (
				1B92E089281D51C100398966 /* TestRequestNewsModuleAssembly.swift */,
			);
			path = Assembly;
			sourceTree = "<group>";
		};
		1B92E096281D522900398966 /* Navigation */ = {
			isa = PBXGroup;
			children = (
				1B92E098281D524000398966 /* RootCoordinator.swift */,
				1B92E099281D524000398966 /* Coordinator.swift */,
				1B92E097281D524000398966 /* TestRequestNewsCoordinator.swift */,
			);
			path = Navigation;
			sourceTree = "<group>";
		};
		1B92E0A4281D8B4A00398966 /* Frameworks */ = {
			isa = PBXGroup;
			children = (
			);
			name = Frameworks;
			sourceTree = "<group>";
		};
		1B92E0E2281D8FE000398966 /* ApplicationServices */ = {
			isa = PBXGroup;
			children = (
				1B92E0E3281D8FEA00398966 /* Networking */,
			);
			path = ApplicationServices;
			sourceTree = "<group>";
		};
		1B92E0E3281D8FEA00398966 /* Networking */ = {
			isa = PBXGroup;
			children = (
				1B92E0E4281D8FF500398966 /* APICalls */,
			);
			path = Networking;
			sourceTree = "<group>";
		};
		1B92E0E4281D8FF500398966 /* APICalls */ = {
			isa = PBXGroup;
			children = (
				1B92E0E5281D902A00398966 /* TestRequestNewsAPICall */,
			);
			path = APICalls;
			sourceTree = "<group>";
		};
		1B92E0E5281D902A00398966 /* TestRequestNewsAPICall */ = {
			isa = PBXGroup;
			children = (
				1B92E0E6281D905200398966 /* TestRequestNewsRequest.swift */,
				1B92E0E8281D908200398966 /* TestRequestNewsDTO.swift */,
			);
			path = TestRequestNewsAPICall;
			sourceTree = "<group>";
		};
		1B92E0EA281D995600398966 /* Models */ = {
			isa = PBXGroup;
			children = (
				1B92E0EB281D997400398966 /* TestRequestNewsModel.swift */,
			);
			path = Models;
			sourceTree = "<group>";
		};
/* End PBXGroup section */

/* Begin PBXNativeTarget section */
		1B92E066281D487300398966 /* RandomNetworkExample */ = {
			isa = PBXNativeTarget;
			buildConfigurationList = 1B92E07B281D487600398966 /* Build configuration list for PBXNativeTarget "RandomNetworkExample" */;
			buildPhases = (
				1B92E063281D487300398966 /* Sources */,
				1B92E064281D487300398966 /* Frameworks */,
				1B92E065281D487300398966 /* Resources */,
			);
			buildRules = (
			);
			dependencies = (
			);
			name = RandomNetworkExample;
			packageProductDependencies = (
				1B92E0A5281D8B4A00398966 /* RandomNetwork */,
			);
			productName = RandomNetworkExample;
			productReference = 1B92E067281D487300398966 /* RandomNetworkExample.app */;
			productType = "com.apple.product-type.application";
		};
/* End PBXNativeTarget section */

/* Begin PBXProject section */
		1B92E05F281D487300398966 /* Project object */ = {
			isa = PBXProject;
			attributes = {
				BuildIndependentTargetsInParallel = 1;
				LastSwiftUpdateCheck = 1330;
				LastUpgradeCheck = 1330;
				TargetAttributes = {
					1B92E066281D487300398966 = {
						CreatedOnToolsVersion = 13.3.1;
					};
				};
			};
			buildConfigurationList = 1B92E062281D487300398966 /* Build configuration list for PBXProject "RandomNetworkExample" */;
			compatibilityVersion = "Xcode 13.0";
			developmentRegion = en;
			hasScannedForEncodings = 0;
			knownRegions = (
				en,
				Base,
			);
			mainGroup = 1B92E05E281D487300398966;
			productRefGroup = 1B92E068281D487300398966 /* Products */;
			projectDirPath = "";
			projectRoot = "";
			targets = (
				1B92E066281D487300398966 /* RandomNetworkExample */,
			);
		};
/* End PBXProject section */

/* Begin PBXResourcesBuildPhase section */
		1B92E065281D487300398966 /* Resources */ = {
			isa = PBXResourcesBuildPhase;
			buildActionMask = 2147483647;
			files = (
				1B92E077281D487600398966 /* LaunchScreen.storyboard in Resources */,
				1B92E074281D487600398966 /* Assets.xcassets in Resources */,
			);
			runOnlyForDeploymentPostprocessing = 0;
		};
/* End PBXResourcesBuildPhase section */

/* Begin PBXSourcesBuildPhase section */
		1B92E063281D487300398966 /* Sources */ = {
			isa = PBXSourcesBuildPhase;
			buildActionMask = 2147483647;
			files = (
				1B92E0EC281D997400398966 /* TestRequestNewsModel.swift in Sources */,
				1B92E08E281D51C100398966 /* TestRequestNewsModuleAssembly.swift in Sources */,
				1B92E06B281D487300398966 /* AppDelegate.swift in Sources */,
				1B92E09C281D524000398966 /* Coordinator.swift in Sources */,
				1B92E09A281D524000398966 /* TestRequestNewsCoordinator.swift in Sources */,
				1B92E06D281D487300398966 /* SceneDelegate.swift in Sources */,
				1B92E08C281D51C100398966 /* TestRequestNewsModuleFactory.swift in Sources */,
				1B92E08D281D51C100398966 /* TestRequestNewsModuleViewController.swift in Sources */,
				1B92E090281D51C100398966 /* TestRequestNewsModuleView.swift in Sources */,
				1B92E0E7281D905200398966 /* TestRequestNewsRequest.swift in Sources */,
				1B92E0E9281D908200398966 /* TestRequestNewsDTO.swift in Sources */,
				1B92E09B281D524000398966 /* RootCoordinator.swift in Sources */,
				1B92E08F281D51C100398966 /* TestRequestNewsModuleInteractor.swift in Sources */,
			);
			runOnlyForDeploymentPostprocessing = 0;
		};
/* End PBXSourcesBuildPhase section */

/* Begin PBXVariantGroup section */
		1B92E075281D487600398966 /* LaunchScreen.storyboard */ = {
			isa = PBXVariantGroup;
			children = (
				1B92E076281D487600398966 /* Base */,
			);
			name = LaunchScreen.storyboard;
			sourceTree = "<group>";
		};
/* End PBXVariantGroup section */

/* Begin XCBuildConfiguration section */
		1B92E079281D487600398966 /* Debug */ = {
			isa = XCBuildConfiguration;
			buildSettings = {
				ALWAYS_SEARCH_USER_PATHS = NO;
				CLANG_ANALYZER_NONNULL = YES;
				CLANG_ANALYZER_NUMBER_OBJECT_CONVERSION = YES_AGGRESSIVE;
				CLANG_CXX_LANGUAGE_STANDARD = "gnu++17";
				CLANG_ENABLE_MODULES = YES;
				CLANG_ENABLE_OBJC_ARC = YES;
				CLANG_ENABLE_OBJC_WEAK = YES;
				CLANG_WARN_BLOCK_CAPTURE_AUTORELEASING = YES;
				CLANG_WARN_BOOL_CONVERSION = YES;
				CLANG_WARN_COMMA = YES;
				CLANG_WARN_CONSTANT_CONVERSION = YES;
				CLANG_WARN_DEPRECATED_OBJC_IMPLEMENTATIONS = YES;
				CLANG_WARN_DIRECT_OBJC_ISA_USAGE = YES_ERROR;
				CLANG_WARN_DOCUMENTATION_COMMENTS = YES;
				CLANG_WARN_EMPTY_BODY = YES;
				CLANG_WARN_ENUM_CONVERSION = YES;
				CLANG_WARN_INFINITE_RECURSION = YES;
				CLANG_WARN_INT_CONVERSION = YES;
				CLANG_WARN_NON_LITERAL_NULL_CONVERSION = YES;
				CLANG_WARN_OBJC_IMPLICIT_RETAIN_SELF = YES;
				CLANG_WARN_OBJC_LITERAL_CONVERSION = YES;
				CLANG_WARN_OBJC_ROOT_CLASS = YES_ERROR;
				CLANG_WARN_QUOTED_INCLUDE_IN_FRAMEWORK_HEADER = YES;
				CLANG_WARN_RANGE_LOOP_ANALYSIS = YES;
				CLANG_WARN_STRICT_PROTOTYPES = YES;
				CLANG_WARN_SUSPICIOUS_MOVE = YES;
				CLANG_WARN_UNGUARDED_AVAILABILITY = YES_AGGRESSIVE;
				CLANG_WARN_UNREACHABLE_CODE = YES;
				CLANG_WARN__DUPLICATE_METHOD_MATCH = YES;
				COPY_PHASE_STRIP = NO;
				DEBUG_INFORMATION_FORMAT = dwarf;
				ENABLE_STRICT_OBJC_MSGSEND = YES;
				ENABLE_TESTABILITY = YES;
				GCC_C_LANGUAGE_STANDARD = gnu11;
				GCC_DYNAMIC_NO_PIC = NO;
				GCC_NO_COMMON_BLOCKS = YES;
				GCC_OPTIMIZATION_LEVEL = 0;
				GCC_PREPROCESSOR_DEFINITIONS = (
					"DEBUG=1",
					"$(inherited)",
				);
				GCC_WARN_64_TO_32_BIT_CONVERSION = YES;
				GCC_WARN_ABOUT_RETURN_TYPE = YES_ERROR;
				GCC_WARN_UNDECLARED_SELECTOR = YES;
				GCC_WARN_UNINITIALIZED_AUTOS = YES_AGGRESSIVE;
				GCC_WARN_UNUSED_FUNCTION = YES;
				GCC_WARN_UNUSED_VARIABLE = YES;
				IPHONEOS_DEPLOYMENT_TARGET = 13.0;
				MTL_ENABLE_DEBUG_INFO = INCLUDE_SOURCE;
				MTL_FAST_MATH = YES;
				ONLY_ACTIVE_ARCH = YES;
				SDKROOT = iphoneos;
				SWIFT_ACTIVE_COMPILATION_CONDITIONS = DEBUG;
				SWIFT_OPTIMIZATION_LEVEL = "-Onone";
			};
			name = Debug;
		};
		1B92E07A281D487600398966 /* Release */ = {
			isa = XCBuildConfiguration;
			buildSettings = {
				ALWAYS_SEARCH_USER_PATHS = NO;
				CLANG_ANALYZER_NONNULL = YES;
				CLANG_ANALYZER_NUMBER_OBJECT_CONVERSION = YES_AGGRESSIVE;
				CLANG_CXX_LANGUAGE_STANDARD = "gnu++17";
				CLANG_ENABLE_MODULES = YES;
				CLANG_ENABLE_OBJC_ARC = YES;
				CLANG_ENABLE_OBJC_WEAK = YES;
				CLANG_WARN_BLOCK_CAPTURE_AUTORELEASING = YES;
				CLANG_WARN_BOOL_CONVERSION = YES;
				CLANG_WARN_COMMA = YES;
				CLANG_WARN_CONSTANT_CONVERSION = YES;
				CLANG_WARN_DEPRECATED_OBJC_IMPLEMENTATIONS = YES;
				CLANG_WARN_DIRECT_OBJC_ISA_USAGE = YES_ERROR;
				CLANG_WARN_DOCUMENTATION_COMMENTS = YES;
				CLANG_WARN_EMPTY_BODY = YES;
				CLANG_WARN_ENUM_CONVERSION = YES;
				CLANG_WARN_INFINITE_RECURSION = YES;
				CLANG_WARN_INT_CONVERSION = YES;
				CLANG_WARN_NON_LITERAL_NULL_CONVERSION = YES;
				CLANG_WARN_OBJC_IMPLICIT_RETAIN_SELF = YES;
				CLANG_WARN_OBJC_LITERAL_CONVERSION = YES;
				CLANG_WARN_OBJC_ROOT_CLASS = YES_ERROR;
				CLANG_WARN_QUOTED_INCLUDE_IN_FRAMEWORK_HEADER = YES;
				CLANG_WARN_RANGE_LOOP_ANALYSIS = YES;
				CLANG_WARN_STRICT_PROTOTYPES = YES;
				CLANG_WARN_SUSPICIOUS_MOVE = YES;
				CLANG_WARN_UNGUARDED_AVAILABILITY = YES_AGGRESSIVE;
				CLANG_WARN_UNREACHABLE_CODE = YES;
				CLANG_WARN__DUPLICATE_METHOD_MATCH = YES;
				COPY_PHASE_STRIP = NO;
				DEBUG_INFORMATION_FORMAT = "dwarf-with-dsym";
				ENABLE_NS_ASSERTIONS = NO;
				ENABLE_STRICT_OBJC_MSGSEND = YES;
				GCC_C_LANGUAGE_STANDARD = gnu11;
				GCC_NO_COMMON_BLOCKS = YES;
				GCC_WARN_64_TO_32_BIT_CONVERSION = YES;
				GCC_WARN_ABOUT_RETURN_TYPE = YES_ERROR;
				GCC_WARN_UNDECLARED_SELECTOR = YES;
				GCC_WARN_UNINITIALIZED_AUTOS = YES_AGGRESSIVE;
				GCC_WARN_UNUSED_FUNCTION = YES;
				GCC_WARN_UNUSED_VARIABLE = YES;
				IPHONEOS_DEPLOYMENT_TARGET = 13.0;
				MTL_ENABLE_DEBUG_INFO = NO;
				MTL_FAST_MATH = YES;
				SDKROOT = iphoneos;
				SWIFT_COMPILATION_MODE = wholemodule;
				SWIFT_OPTIMIZATION_LEVEL = "-O";
				VALIDATE_PRODUCT = YES;
			};
			name = Release;
		};
		1B92E07C281D487600398966 /* Debug */ = {
			isa = XCBuildConfiguration;
			buildSettings = {
				ASSETCATALOG_COMPILER_APPICON_NAME = AppIcon;
				ASSETCATALOG_COMPILER_GLOBAL_ACCENT_COLOR_NAME = AccentColor;
				CODE_SIGN_STYLE = Automatic;
				CURRENT_PROJECT_VERSION = 1;
				DEVELOPMENT_TEAM = 34VDSPZYU9;
				GENERATE_INFOPLIST_FILE = YES;
				INFOPLIST_FILE = RandomNetworkExample/System/Info.plist;
				INFOPLIST_KEY_UIApplicationSupportsIndirectInputEvents = YES;
				INFOPLIST_KEY_UILaunchStoryboardName = LaunchScreen;
				INFOPLIST_KEY_UISupportedInterfaceOrientations_iPad = "UIInterfaceOrientationPortrait UIInterfaceOrientationPortraitUpsideDown UIInterfaceOrientationLandscapeLeft UIInterfaceOrientationLandscapeRight";
				INFOPLIST_KEY_UISupportedInterfaceOrientations_iPhone = "UIInterfaceOrientationPortrait UIInterfaceOrientationLandscapeLeft UIInterfaceOrientationLandscapeRight";
				IPHONEOS_DEPLOYMENT_TARGET = 13.0;
				LD_RUNPATH_SEARCH_PATHS = (
					"$(inherited)",
					"@executable_path/Frameworks",
				);
				MARKETING_VERSION = 1.0.0;
				PRODUCT_BUNDLE_IDENTIFIER = com.sosinvitalii.RandomNetworkExample;
				PRODUCT_NAME = "$(TARGET_NAME)";
				SWIFT_EMIT_LOC_STRINGS = YES;
				SWIFT_VERSION = 5.0;
				TARGETED_DEVICE_FAMILY = 1;
			};
			name = Debug;
		};
		1B92E07D281D487600398966 /* Release */ = {
			isa = XCBuildConfiguration;
			buildSettings = {
				ASSETCATALOG_COMPILER_APPICON_NAME = AppIcon;
				ASSETCATALOG_COMPILER_GLOBAL_ACCENT_COLOR_NAME = AccentColor;
				CODE_SIGN_STYLE = Automatic;
				CURRENT_PROJECT_VERSION = 1;
				DEVELOPMENT_TEAM = 34VDSPZYU9;
				GENERATE_INFOPLIST_FILE = YES;
				INFOPLIST_FILE = RandomNetworkExample/System/Info.plist;
				INFOPLIST_KEY_UIApplicationSupportsIndirectInputEvents = YES;
				INFOPLIST_KEY_UILaunchStoryboardName = LaunchScreen;
				INFOPLIST_KEY_UISupportedInterfaceOrientations_iPad = "UIInterfaceOrientationPortrait UIInterfaceOrientationPortraitUpsideDown UIInterfaceOrientationLandscapeLeft UIInterfaceOrientationLandscapeRight";
				INFOPLIST_KEY_UISupportedInterfaceOrientations_iPhone = "UIInterfaceOrientationPortrait UIInterfaceOrientationLandscapeLeft UIInterfaceOrientationLandscapeRight";
				IPHONEOS_DEPLOYMENT_TARGET = 13.0;
				LD_RUNPATH_SEARCH_PATHS = (
					"$(inherited)",
					"@executable_path/Frameworks",
				);
				MARKETING_VERSION = 1.0.0;
				PRODUCT_BUNDLE_IDENTIFIER = com.sosinvitalii.RandomNetworkExample;
				PRODUCT_NAME = "$(TARGET_NAME)";
				SWIFT_EMIT_LOC_STRINGS = YES;
				SWIFT_VERSION = 5.0;
				TARGETED_DEVICE_FAMILY = 1;
			};
			name = Release;
		};
/* End XCBuildConfiguration section */

/* Begin XCConfigurationList section */
		1B92E062281D487300398966 /* Build configuration list for PBXProject "RandomNetworkExample" */ = {
			isa = XCConfigurationList;
			buildConfigurations = (
				1B92E079281D487600398966 /* Debug */,
				1B92E07A281D487600398966 /* Release */,
			);
			defaultConfigurationIsVisible = 0;
			defaultConfigurationName = Release;
		};
		1B92E07B281D487600398966 /* Build configuration list for PBXNativeTarget "RandomNetworkExample" */ = {
			isa = XCConfigurationList;
			buildConfigurations = (
				1B92E07C281D487600398966 /* Debug */,
				1B92E07D281D487600398966 /* Release */,
			);
			defaultConfigurationIsVisible = 0;
			defaultConfigurationName = Release;
		};
/* End XCConfigurationList section */

/* Begin XCSwiftPackageProductDependency section */
		1B92E0A5281D8B4A00398966 /* RandomNetwork */ = {
			isa = XCSwiftPackageProductDependency;
			productName = RandomNetwork;
		};
/* End XCSwiftPackageProductDependency section */
	};
	rootObject = 1B92E05F281D487300398966 /* Project object */;
}
